
Microsoft Visual Studio Solution File, Format Version 12.00
# Visual Studio 2013
VisualStudioVersion = 12.0.31101.0
MinimumVisualStudioVersion = 10.0.40219.1
Project("{FAE04EC0-301F-11D3-BF4B-00C04F79EFBC}") = "Rebtel.DataAccess.Sql", "Rebtel.DataAccess.Sql\Rebtel.DataAccess.Sql.csproj", "{647A8B87-6D6F-4971-BE9A-ECB5DEA5FB73}"
EndProject
Project("{FAE04EC0-301F-11D3-BF4B-00C04F79EFBC}") = "Rebtel.IntegrationTests", "Rebtel.IntegrationTests\Rebtel.IntegrationTests.csproj", "{005780D0-31D3-4284-859E-73D72418DAAE}"
EndProject
Project("{FAE04EC0-301F-11D3-BF4B-00C04F79EFBC}") = "Rebtel.DataAccess.Services", "Rebtel.DataAccess.Services\Rebtel.DataAccess.Services.csproj", "{D196AEDC-49C7-437E-ACA5-EF73B7ACDE3B}"
EndProject
Project("{FAE04EC0-301F-11D3-BF4B-00C04F79EFBC}") = "Rebtel.DataAccess.Services.Wcf", "Rebtel.DataAccess.Services.Wcf\Rebtel.DataAccess.Services.Wcf.csproj", "{325332E0-14E7-42C2-A2AD-BE17DB109725}"
EndProject
Project("{FAE04EC0-301F-11D3-BF4B-00C04F79EFBC}") = "Rebtel.DataAccess.Services.Wcf.Host", "Rebtel.DataAccess.Services.Wcf.Host\Rebtel.DataAccess.Services.Wcf.Host.csproj", "{45AAE90B-2CB5-4B1E-9C83-41DBC03076E4}"
EndProject
Project("{FAE04EC0-301F-11D3-BF4B-00C04F79EFBC}") = "Rebtel.Services", "Rebtel.Services\Rebtel.Services.csproj", "{19F32F58-4A2A-4DC4-B622-37C665E75C69}"
EndProject
Project("{FAE04EC0-301F-11D3-BF4B-00C04F79EFBC}") = "Rebtel.Services.Wcf", "Rebtel.Services.Wcf\Rebtel.Services.Wcf.csproj", "{C5042FCC-57C6-47C8-83E3-45F30AB2DE90}"
EndProject
Project("{FAE04EC0-301F-11D3-BF4B-00C04F79EFBC}") = "Rebtel.Services.Wcf.Host", "Rebtel.Services.Wcf.Host\Rebtel.Services.Wcf.Host.csproj", "{17A7E6C9-71AC-4345-9DC8-FD8ED1795147}"
EndProject
Project("{FAE04EC0-301F-11D3-BF4B-00C04F79EFBC}") = "Rebtel.Services.DataContracts", "Rebtel.Services.DataContracts\Rebtel.Services.DataContracts.csproj", "{C5C0FE47-8CE3-488E-AD32-D3A8A4D608C1}"
EndProject
Project("{FAE04EC0-301F-11D3-BF4B-00C04F79EFBC}") = "Rebtel.ServiceHostFactory", "Rebtel.UnityServiceHostFactory\Rebtel.ServiceHostFactory.csproj", "{F8E0AACB-1B4E-4912-9004-A1396551CF23}"
EndProject
Project("{FAE04EC0-301F-11D3-BF4B-00C04F79EFBC}") = "Rebtel.DataAccess.Repositories", "Rebtel.DataAccess.Repositories\Rebtel.DataAccess.Repositories.csproj", "{5F0B45A4-F01C-4903-89D6-D9D495851451}"
EndProject
Global
	GlobalSection(SolutionConfigurationPlatforms) = preSolution
		Debug|Any CPU = Debug|Any CPU
		Release|Any CPU = Release|Any CPU
	EndGlobalSection
	GlobalSection(ProjectConfigurationPlatforms) = postSolution
		{647A8B87-6D6F-4971-BE9A-ECB5DEA5FB73}.Debug|Any CPU.ActiveCfg = Debug|Any CPU
		{647A8B87-6D6F-4971-BE9A-ECB5DEA5FB73}.Debug|Any CPU.Build.0 = Debug|Any CPU
		{647A8B87-6D6F-4971-BE9A-ECB5DEA5FB73}.Release|Any CPU.ActiveCfg = Release|Any CPU
		{647A8B87-6D6F-4971-BE9A-ECB5DEA5FB73}.Release|Any CPU.Build.0 = Release|Any CPU
		{005780D0-31D3-4284-859E-73D72418DAAE}.Debug|Any CPU.ActiveCfg = Debug|Any CPU
		{005780D0-31D3-4284-859E-73D72418DAAE}.Debug|Any CPU.Build.0 = Debug|Any CPU
		{005780D0-31D3-4284-859E-73D72418DAAE}.Release|Any CPU.ActiveCfg = Release|Any CPU
		{005780D0-31D3-4284-859E-73D72418DAAE}.Release|Any CPU.Build.0 = Release|Any CPU
		{D196AEDC-49C7-437E-ACA5-EF73B7ACDE3B}.Debug|Any CPU.ActiveCfg = Debug|Any CPU
		{D196AEDC-49C7-437E-ACA5-EF73B7ACDE3B}.Debug|Any CPU.Build.0 = Debug|Any CPU
		{D196AEDC-49C7-437E-ACA5-EF73B7ACDE3B}.Release|Any CPU.ActiveCfg = Release|Any CPU
		{D196AEDC-49C7-437E-ACA5-EF73B7ACDE3B}.Release|Any CPU.Build.0 = Release|Any CPU
		{325332E0-14E7-42C2-A2AD-BE17DB109725}.Debug|Any CPU.ActiveCfg = Debug|Any CPU
		{325332E0-14E7-42C2-A2AD-BE17DB109725}.Debug|Any CPU.Build.0 = Debug|Any CPU
		{325332E0-14E7-42C2-A2AD-BE17DB109725}.Release|Any CPU.ActiveCfg = Release|Any CPU
		{325332E0-14E7-42C2-A2AD-BE17DB109725}.Release|Any CPU.Build.0 = Release|Any CPU
		{45AAE90B-2CB5-4B1E-9C83-41DBC03076E4}.Debug|Any CPU.ActiveCfg = Debug|Any CPU
		{45AAE90B-2CB5-4B1E-9C83-41DBC03076E4}.Debug|Any CPU.Build.0 = Debug|Any CPU
		{45AAE90B-2CB5-4B1E-9C83-41DBC03076E4}.Release|Any CPU.ActiveCfg = Release|Any CPU
		{45AAE90B-2CB5-4B1E-9C83-41DBC03076E4}.Release|Any CPU.Build.0 = Release|Any CPU
		{19F32F58-4A2A-4DC4-B622-37C665E75C69}.Debug|Any CPU.ActiveCfg = Debug|Any CPU
		{19F32F58-4A2A-4DC4-B622-37C665E75C69}.Debug|Any CPU.Build.0 = Debug|Any CPU
		{19F32F58-4A2A-4DC4-B622-37C665E75C69}.Release|Any CPU.ActiveCfg = Release|Any CPU
		{19F32F58-4A2A-4DC4-B622-37C665E75C69}.Release|Any CPU.Build.0 = Release|Any CPU
		{C5042FCC-57C6-47C8-83E3-45F30AB2DE90}.Debug|Any CPU.ActiveCfg = Debug|Any CPU
		{C5042FCC-57C6-47C8-83E3-45F30AB2DE90}.Debug|Any CPU.Build.0 = Debug|Any CPU
		{C5042FCC-57C6-47C8-83E3-45F30AB2DE90}.Release|Any CPU.ActiveCfg = Release|Any CPU
		{C5042FCC-57C6-47C8-83E3-45F30AB2DE90}.Release|Any CPU.Build.0 = Release|Any CPU
		{17A7E6C9-71AC-4345-9DC8-FD8ED1795147}.Debug|Any CPU.ActiveCfg = Debug|Any CPU
		{17A7E6C9-71AC-4345-9DC8-FD8ED1795147}.Debug|Any CPU.Build.0 = Debug|Any CPU
		{17A7E6C9-71AC-4345-9DC8-FD8ED1795147}.Release|Any CPU.ActiveCfg = Release|Any CPU
		{17A7E6C9-71AC-4345-9DC8-FD8ED1795147}.Release|Any CPU.Build.0 = Release|Any CPU
		{C5C0FE47-8CE3-488E-AD32-D3A8A4D608C1}.Debug|Any CPU.ActiveCfg = Debug|Any CPU
		{C5C0FE47-8CE3-488E-AD32-D3A8A4D608C1}.Debug|Any CPU.Build.0 = Debug|Any CPU
		{C5C0FE47-8CE3-488E-AD32-D3A8A4D608C1}.Release|Any CPU.ActiveCfg = Release|Any CPU
		{C5C0FE47-8CE3-488E-AD32-D3A8A4D608C1}.Release|Any CPU.Build.0 = Release|Any CPU
		{F8E0AACB-1B4E-4912-9004-A1396551CF23}.Debug|Any CPU.ActiveCfg = Debug|Any CPU
		{F8E0AACB-1B4E-4912-9004-A1396551CF23}.Debug|Any CPU.Build.0 = Debug|Any CPU
		{F8E0AACB-1B4E-4912-9004-A1396551CF23}.Release|Any CPU.ActiveCfg = Release|Any CPU
		{F8E0AACB-1B4E-4912-9004-A1396551CF23}.Release|Any CPU.Build.0 = Release|Any CPU
		{5F0B45A4-F01C-4903-89D6-D9D495851451}.Debug|Any CPU.ActiveCfg = Debug|Any CPU
		{5F0B45A4-F01C-4903-89D6-D9D495851451}.Debug|Any CPU.Build.0 = Debug|Any CPU
		{5F0B45A4-F01C-4903-89D6-D9D495851451}.Release|Any CPU.ActiveCfg = Release|Any CPU
		{5F0B45A4-F01C-4903-89D6-D9D495851451}.Release|Any CPU.Build.0 = Release|Any CPU
	EndGlobalSection
	GlobalSection(SolutionProperties) = preSolution
		HideSolutionNode = FALSE
	EndGlobalSection
EndGlobal
